
Microsoft Visual Studio Solution File, Format Version 12.00
# Visual Studio Version 17
VisualStudioVersion = 17.14.36429.23 d17.14
MinimumVisualStudioVersion = 10.0.40219.1
Project("{FAE04EC0-301F-11D3-BF4B-00C04F79EFBC}") = "lista1ex2", "lista1ex2\lista1ex2.csproj", "{1CE0A0EF-1BA3-44C6-8093-6ACFDEE3A62E}"
EndProject
Global
	GlobalSection(SolutionConfigurationPlatforms) = preSolution
		Debug|Any CPU = Debug|Any CPU
		Release|Any CPU = Release|Any CPU
	EndGlobalSection
	GlobalSection(ProjectConfigurationPlatforms) = postSolution
		{1CE0A0EF-1BA3-44C6-8093-6ACFDEE3A62E}.Debug|Any CPU.ActiveCfg = Debug|Any CPU
		{1CE0A0EF-1BA3-44C6-8093-6ACFDEE3A62E}.Debug|Any CPU.Build.0 = Debug|Any CPU
		{1CE0A0EF-1BA3-44C6-8093-6ACFDEE3A62E}.Release|Any CPU.ActiveCfg = Release|Any CPU
		{1CE0A0EF-1BA3-44C6-8093-6ACFDEE3A62E}.Release|Any CPU.Build.0 = Release|Any CPU
	EndGlobalSection
	GlobalSection(SolutionProperties) = preSolution
		HideSolutionNode = FALSE
	EndGlobalSection
	GlobalSection(ExtensibilityGlobals) = postSolution
		SolutionGuid = {59C06999-263C-44F9-A708-7DCD6D0185CC}
	EndGlobalSection
EndGlobal
